<Solution>
  <Project Path="NolumiaScheduler.Domain/NolumiaScheduler.Domain.csproj" Id="5c9f6847-9808-4653-8666-912980f2e922" />
  <Project Path="NolumiaScheduler/NolumiaScheduler.Droid/NolumiaScheduler.Droid.csproj">
    <Deploy />
  </Project>
  <Project Path="NolumiaScheduler/NolumiaScheduler.iOS/NolumiaScheduler.iOS.csproj">
    <Deploy />
  </Project>
  <Project Path="NolumiaScheduler/NolumiaScheduler.Mac/NolumiaScheduler.Mac.csproj">
    <Deploy />
  </Project>
  <Project Path="NolumiaScheduler/NolumiaScheduler.WinUI/NolumiaScheduler.WinUI.csproj">
    <Platform Project="x64" />
  </Project>
  <Project Path="NolumiaScheduler/NolumiaScheduler/NolumiaScheduler.csproj" />
  <Project Path="NolumiaSchedulerTest/NolumiaSchedulerTest.csproj" Id="6ab5b4b8-2580-4e1c-b668-ae1eada89f40" />
</Solution>
